// !$*UTF8*$!
{
	archiveVersion = 1;
	classes = {
	};
	objectVersion = 56;
	objects = {

/* Begin PBXBuildFile section */
		D7747E6E2C54CEB600FA93D2 /* StudyWallApp.swift in Sources */ = {isa = PBXBuildFile; fileRef = D7747E6D2C54CEB600FA93D2 /* StudyWallApp.swift */; };
		D7747E722C54CEB700FA93D2 /* Assets.xcassets in Resources */ = {isa = PBXBuildFile; fileRef = D7747E712C54CEB700FA93D2 /* Assets.xcassets */; };
		D7747E752C54CEB700FA93D2 /* Preview Assets.xcassets in Resources */ = {isa = PBXBuildFile; fileRef = D7747E742C54CEB700FA93D2 /* Preview Assets.xcassets */; };
		D7747E802C54CF6100FA93D2 /* ContentView.swift in Sources */ = {isa = PBXBuildFile; fileRef = D7747E7F2C54CF6100FA93D2 /* ContentView.swift */; };
		D7CE93122C5A49E600063DE8 /* Home.swift in Sources */ = {isa = PBXBuildFile; fileRef = D7CE93112C5A49E600063DE8 /* Home.swift */; };
		D7CE93152C5A4B0D00063DE8 /* Favorite.swift in Sources */ = {isa = PBXBuildFile; fileRef = D7CE93142C5A4B0D00063DE8 /* Favorite.swift */; };
		D7CE93192C5A548E00063DE8 /* landmarkData.json in Resources */ = {isa = PBXBuildFile; fileRef = D7CE93182C5A548E00063DE8 /* landmarkData.json */; };
		D7CE931B2C5A550100063DE8 /* hikeData.json in Resources */ = {isa = PBXBuildFile; fileRef = D7CE931A2C5A550100063DE8 /* hikeData.json */; };
		D7CE93242C5A56BB00063DE8 /* Hike.swift in Sources */ = {isa = PBXBuildFile; fileRef = D7CE93202C5A56BB00063DE8 /* Hike.swift */; };
		D7CE93252C5A56BB00063DE8 /* ModelData.swift in Sources */ = {isa = PBXBuildFile; fileRef = D7CE93212C5A56BB00063DE8 /* ModelData.swift */; };
		D7CE93262C5A56BB00063DE8 /* Landmark.swift in Sources */ = {isa = PBXBuildFile; fileRef = D7CE93222C5A56BB00063DE8 /* Landmark.swift */; };
		D7CE93272C5A56BB00063DE8 /* Profile.swift in Sources */ = {isa = PBXBuildFile; fileRef = D7CE93232C5A56BB00063DE8 /* Profile.swift */; };
		D7CE93372C5B968C00063DE8 /* ProfileEditor.swift in Sources */ = {isa = PBXBuildFile; fileRef = D7CE93342C5B968C00063DE8 /* ProfileEditor.swift */; };
		D7CE93382C5B968C00063DE8 /* ProfileHost.swift in Sources */ = {isa = PBXBuildFile; fileRef = D7CE93352C5B968C00063DE8 /* ProfileHost.swift */; };
		D7CE93392C5B968C00063DE8 /* ProfileSummary.swift in Sources */ = {isa = PBXBuildFile; fileRef = D7CE93362C5B968C00063DE8 /* ProfileSummary.swift */; };
		D7CE93402C5B999D00063DE8 /* MapView.swift in Sources */ = {isa = PBXBuildFile; fileRef = D7CE933D2C5B999D00063DE8 /* MapView.swift */; };
		D7CE93412C5B999D00063DE8 /* CircleImage.swift in Sources */ = {isa = PBXBuildFile; fileRef = D7CE933E2C5B999D00063DE8 /* CircleImage.swift */; };
		D7CE93422C5B999D00063DE8 /* FavoriteButton.swift in Sources */ = {isa = PBXBuildFile; fileRef = D7CE933F2C5B999D00063DE8 /* FavoriteButton.swift */; };
		D7CE93472C5B99A800063DE8 /* GraphCapsule.swift in Sources */ = {isa = PBXBuildFile; fileRef = D7CE93432C5B99A800063DE8 /* GraphCapsule.swift */; };
		D7CE93482C5B99A800063DE8 /* HikeGraph.swift in Sources */ = {isa = PBXBuildFile; fileRef = D7CE93442C5B99A800063DE8 /* HikeGraph.swift */; };
		D7CE93492C5B99A800063DE8 /* HikeView.swift in Sources */ = {isa = PBXBuildFile; fileRef = D7CE93452C5B99A800063DE8 /* HikeView.swift */; };
		D7CE934A2C5B99A800063DE8 /* HikeDetail.swift in Sources */ = {isa = PBXBuildFile; fileRef = D7CE93462C5B99A800063DE8 /* HikeDetail.swift */; };
		D7CE93512C5B99B700063DE8 /* RotatedBadgeSymbol.swift in Sources */ = {isa = PBXBuildFile; fileRef = D7CE934B2C5B99B700063DE8 /* RotatedBadgeSymbol.swift */; };
		D7CE93522C5B99B700063DE8 /* BadgeBackground.swift in Sources */ = {isa = PBXBuildFile; fileRef = D7CE934C2C5B99B700063DE8 /* BadgeBackground.swift */; };
		D7CE93532C5B99B700063DE8 /* HikeBadge.swift in Sources */ = {isa = PBXBuildFile; fileRef = D7CE934D2C5B99B700063DE8 /* HikeBadge.swift */; };
		D7CE93542C5B99B700063DE8 /* HexagonParameters.swift in Sources */ = {isa = PBXBuildFile; fileRef = D7CE934E2C5B99B700063DE8 /* HexagonParameters.swift */; };
		D7CE93552C5B99B700063DE8 /* Badge.swift in Sources */ = {isa = PBXBuildFile; fileRef = D7CE934F2C5B99B700063DE8 /* Badge.swift */; };
		D7CE93562C5B99B700063DE8 /* BadgeSymbol.swift in Sources */ = {isa = PBXBuildFile; fileRef = D7CE93502C5B99B700063DE8 /* BadgeSymbol.swift */; };
		D7CE93592C5B9D9E00063DE8 /* CategoryRow.swift in Sources */ = {isa = PBXBuildFile; fileRef = D7CE93572C5B9D9D00063DE8 /* CategoryRow.swift */; };
		D7CE935A2C5B9D9E00063DE8 /* CategoryItem.swift in Sources */ = {isa = PBXBuildFile; fileRef = D7CE93582C5B9D9D00063DE8 /* CategoryItem.swift */; };
		D7CE935F2C5B9E1100063DE8 /* LandmarkRow.swift in Sources */ = {isa = PBXBuildFile; fileRef = D7CE935C2C5B9E1100063DE8 /* LandmarkRow.swift */; };
		D7CE93602C5B9E1100063DE8 /* LandmarkList.swift in Sources */ = {isa = PBXBuildFile; fileRef = D7CE935D2C5B9E1100063DE8 /* LandmarkList.swift */; };
		D7CE93612C5B9E1100063DE8 /* LandmarkDetail.swift in Sources */ = {isa = PBXBuildFile; fileRef = D7CE935E2C5B9E1100063DE8 /* LandmarkDetail.swift */; };
		D7CE93642C5DED4F00063DE8 /* FullScreenImageView.swift in Sources */ = {isa = PBXBuildFile; fileRef = D7CE93632C5DED4F00063DE8 /* FullScreenImageView.swift */; };
		D7CE93672C5E32D400063DE8 /* Test.swift in Sources */ = {isa = PBXBuildFile; fileRef = D7CE93662C5E32D400063DE8 /* Test.swift */; };
/* End PBXBuildFile section */

/* Begin PBXFileReference section */
		D7747E6A2C54CEB600FA93D2 /* StudyWall.app */ = {isa = PBXFileReference; explicitFileType = wrapper.application; includeInIndex = 0; path = StudyWall.app; sourceTree = BUILT_PRODUCTS_DIR; };
		D7747E6D2C54CEB600FA93D2 /* StudyWallApp.swift */ = {isa = PBXFileReference; lastKnownFileType = sourcecode.swift; path = StudyWallApp.swift; sourceTree = "<group>"; };
		D7747E712C54CEB700FA93D2 /* Assets.xcassets */ = {isa = PBXFileReference; lastKnownFileType = folder.assetcatalog; path = Assets.xcassets; sourceTree = "<group>"; };
		D7747E742C54CEB700FA93D2 /* Preview Assets.xcassets */ = {isa = PBXFileReference; lastKnownFileType = folder.assetcatalog; path = "Preview Assets.xcassets"; sourceTree = "<group>"; };
		D7747E7F2C54CF6100FA93D2 /* ContentView.swift */ = {isa = PBXFileReference; lastKnownFileType = sourcecode.swift; path = ContentView.swift; sourceTree = "<group>"; };
		D7CE93112C5A49E600063DE8 /* Home.swift */ = {isa = PBXFileReference; lastKnownFileType = sourcecode.swift; path = Home.swift; sourceTree = "<group>"; };
		D7CE93142C5A4B0D00063DE8 /* Favorite.swift */ = {isa = PBXFileReference; lastKnownFileType = sourcecode.swift; path = Favorite.swift; sourceTree = "<group>"; };
		D7CE93182C5A548E00063DE8 /* landmarkData.json */ = {isa = PBXFileReference; lastKnownFileType = text.json; path = landmarkData.json; sourceTree = "<group>"; };
		D7CE931A2C5A550100063DE8 /* hikeData.json */ = {isa = PBXFileReference; lastKnownFileType = text.json; path = hikeData.json; sourceTree = "<group>"; };
		D7CE93202C5A56BB00063DE8 /* Hike.swift */ = {isa = PBXFileReference; fileEncoding = 4; lastKnownFileType = sourcecode.swift; path = Hike.swift; sourceTree = "<group>"; };
		D7CE93212C5A56BB00063DE8 /* ModelData.swift */ = {isa = PBXFileReference; fileEncoding = 4; lastKnownFileType = sourcecode.swift; path = ModelData.swift; sourceTree = "<group>"; };
		D7CE93222C5A56BB00063DE8 /* Landmark.swift */ = {isa = PBXFileReference; fileEncoding = 4; lastKnownFileType = sourcecode.swift; path = Landmark.swift; sourceTree = "<group>"; };
		D7CE93232C5A56BB00063DE8 /* Profile.swift */ = {isa = PBXFileReference; fileEncoding = 4; lastKnownFileType = sourcecode.swift; path = Profile.swift; sourceTree = "<group>"; };
		D7CE93342C5B968C00063DE8 /* ProfileEditor.swift */ = {isa = PBXFileReference; fileEncoding = 4; lastKnownFileType = sourcecode.swift; path = ProfileEditor.swift; sourceTree = "<group>"; };
		D7CE93352C5B968C00063DE8 /* ProfileHost.swift */ = {isa = PBXFileReference; fileEncoding = 4; lastKnownFileType = sourcecode.swift; path = ProfileHost.swift; sourceTree = "<group>"; };
		D7CE93362C5B968C00063DE8 /* ProfileSummary.swift */ = {isa = PBXFileReference; fileEncoding = 4; lastKnownFileType = sourcecode.swift; path = ProfileSummary.swift; sourceTree = "<group>"; };
		D7CE933D2C5B999D00063DE8 /* MapView.swift */ = {isa = PBXFileReference; fileEncoding = 4; lastKnownFileType = sourcecode.swift; path = MapView.swift; sourceTree = "<group>"; };
		D7CE933E2C5B999D00063DE8 /* CircleImage.swift */ = {isa = PBXFileReference; fileEncoding = 4; lastKnownFileType = sourcecode.swift; path = CircleImage.swift; sourceTree = "<group>"; };
		D7CE933F2C5B999D00063DE8 /* FavoriteButton.swift */ = {isa = PBXFileReference; fileEncoding = 4; lastKnownFileType = sourcecode.swift; path = FavoriteButton.swift; sourceTree = "<group>"; };
		D7CE93432C5B99A800063DE8 /* GraphCapsule.swift */ = {isa = PBXFileReference; fileEncoding = 4; lastKnownFileType = sourcecode.swift; path = GraphCapsule.swift; sourceTree = "<group>"; };
		D7CE93442C5B99A800063DE8 /* HikeGraph.swift */ = {isa = PBXFileReference; fileEncoding = 4; lastKnownFileType = sourcecode.swift; path = HikeGraph.swift; sourceTree = "<group>"; };
		D7CE93452C5B99A800063DE8 /* HikeView.swift */ = {isa = PBXFileReference; fileEncoding = 4; lastKnownFileType = sourcecode.swift; path = HikeView.swift; sourceTree = "<group>"; };
		D7CE93462C5B99A800063DE8 /* HikeDetail.swift */ = {isa = PBXFileReference; fileEncoding = 4; lastKnownFileType = sourcecode.swift; path = HikeDetail.swift; sourceTree = "<group>"; };
		D7CE934B2C5B99B700063DE8 /* RotatedBadgeSymbol.swift */ = {isa = PBXFileReference; fileEncoding = 4; lastKnownFileType = sourcecode.swift; path = RotatedBadgeSymbol.swift; sourceTree = "<group>"; };
		D7CE934C2C5B99B700063DE8 /* BadgeBackground.swift */ = {isa = PBXFileReference; fileEncoding = 4; lastKnownFileType = sourcecode.swift; path = BadgeBackground.swift; sourceTree = "<group>"; };
		D7CE934D2C5B99B700063DE8 /* HikeBadge.swift */ = {isa = PBXFileReference; fileEncoding = 4; lastKnownFileType = sourcecode.swift; path = HikeBadge.swift; sourceTree = "<group>"; };
		D7CE934E2C5B99B700063DE8 /* HexagonParameters.swift */ = {isa = PBXFileReference; fileEncoding = 4; lastKnownFileType = sourcecode.swift; path = HexagonParameters.swift; sourceTree = "<group>"; };
		D7CE934F2C5B99B700063DE8 /* Badge.swift */ = {isa = PBXFileReference; fileEncoding = 4; lastKnownFileType = sourcecode.swift; path = Badge.swift; sourceTree = "<group>"; };
		D7CE93502C5B99B700063DE8 /* BadgeSymbol.swift */ = {isa = PBXFileReference; fileEncoding = 4; lastKnownFileType = sourcecode.swift; path = BadgeSymbol.swift; sourceTree = "<group>"; };
		D7CE93572C5B9D9D00063DE8 /* CategoryRow.swift */ = {isa = PBXFileReference; fileEncoding = 4; lastKnownFileType = sourcecode.swift; path = CategoryRow.swift; sourceTree = "<group>"; };
		D7CE93582C5B9D9D00063DE8 /* CategoryItem.swift */ = {isa = PBXFileReference; fileEncoding = 4; lastKnownFileType = sourcecode.swift; path = CategoryItem.swift; sourceTree = "<group>"; };
		D7CE935C2C5B9E1100063DE8 /* LandmarkRow.swift */ = {isa = PBXFileReference; fileEncoding = 4; lastKnownFileType = sourcecode.swift; path = LandmarkRow.swift; sourceTree = "<group>"; };
		D7CE935D2C5B9E1100063DE8 /* LandmarkList.swift */ = {isa = PBXFileReference; fileEncoding = 4; lastKnownFileType = sourcecode.swift; path = LandmarkList.swift; sourceTree = "<group>"; };
		D7CE935E2C5B9E1100063DE8 /* LandmarkDetail.swift */ = {isa = PBXFileReference; fileEncoding = 4; lastKnownFileType = sourcecode.swift; path = LandmarkDetail.swift; sourceTree = "<group>"; };
		D7CE93632C5DED4F00063DE8 /* FullScreenImageView.swift */ = {isa = PBXFileReference; lastKnownFileType = sourcecode.swift; path = FullScreenImageView.swift; sourceTree = "<group>"; };
		D7CE93652C5DF6C200063DE8 /* Info.plist */ = {isa = PBXFileReference; lastKnownFileType = text.plist; path = Info.plist; sourceTree = "<group>"; };
		D7CE93662C5E32D400063DE8 /* Test.swift */ = {isa = PBXFileReference; lastKnownFileType = sourcecode.swift; path = Test.swift; sourceTree = "<group>"; };
/* End PBXFileReference section */

/* Begin PBXFrameworksBuildPhase section */
		D7747E672C54CEB600FA93D2 /* Frameworks */ = {
			isa = PBXFrameworksBuildPhase;
			buildActionMask = 2147483647;
			files = (
			);
			runOnlyForDeploymentPostprocessing = 0;
		};
/* End PBXFrameworksBuildPhase section */

/* Begin PBXGroup section */
		D7747E612C54CEB600FA93D2 = {
			isa = PBXGroup;
			children = (
				D7747E6C2C54CEB600FA93D2 /* StudyWall */,
				D7747E6B2C54CEB600FA93D2 /* Products */,
			);
			sourceTree = "<group>";
		};
		D7747E6B2C54CEB600FA93D2 /* Products */ = {
			isa = PBXGroup;
			children = (
				D7747E6A2C54CEB600FA93D2 /* StudyWall.app */,
			);
			name = Products;
			sourceTree = "<group>";
		};
		D7747E6C2C54CEB600FA93D2 /* StudyWall */ = {
			isa = PBXGroup;
			children = (
				D7CE93652C5DF6C200063DE8 /* Info.plist */,
				D7CE93162C5A52D500063DE8 /* Resources */,
				D7747E7E2C54CF5200FA93D2 /* Views */,
				D7747E7B2C54CF2B00FA93D2 /* Models */,
				D7747E6D2C54CEB600FA93D2 /* StudyWallApp.swift */,
				D7747E712C54CEB700FA93D2 /* Assets.xcassets */,
				D7747E732C54CEB700FA93D2 /* Preview Content */,
			);
			path = StudyWall;
			sourceTree = "<group>";
		};
		D7747E732C54CEB700FA93D2 /* Preview Content */ = {
			isa = PBXGroup;
			children = (
				D7747E742C54CEB700FA93D2 /* Preview Assets.xcassets */,
			);
			path = "Preview Content";
			sourceTree = "<group>";
		};
		D7747E7B2C54CF2B00FA93D2 /* Models */ = {
			isa = PBXGroup;
			children = (
				D7CE93202C5A56BB00063DE8 /* Hike.swift */,
				D7CE93222C5A56BB00063DE8 /* Landmark.swift */,
				D7CE93212C5A56BB00063DE8 /* ModelData.swift */,
				D7CE93232C5A56BB00063DE8 /* Profile.swift */,
			);
			path = Models;
			sourceTree = "<group>";
		};
		D7747E7E2C54CF5200FA93D2 /* Views */ = {
			isa = PBXGroup;
			children = (
				D7CE93622C5DECE400063DE8 /* WallPapers */,
				D7CE935B2C5B9DD500063DE8 /* Landmarks */,
				D7CE933C2C5B98D400063DE8 /* Helpers */,
				D7CE933B2C5B98BA00063DE8 /* Hikes */,
				D7CE933A2C5B98AF00063DE8 /* Badges */,
				D7CE93332C5B966200063DE8 /* Profiles */,
				D7CE93132C5A4AF100063DE8 /* Favorites */,
				D7CE93102C5A49C000063DE8 /* Homes */,
				D7747E7F2C54CF6100FA93D2 /* ContentView.swift */,
				D7CE93662C5E32D400063DE8 /* Test.swift */,
			);
			path = Views;
			sourceTree = "<group>";
		};
		D7CE93102C5A49C000063DE8 /* Homes */ = {
			isa = PBXGroup;
			children = (
				D7CE93582C5B9D9D00063DE8 /* CategoryItem.swift */,
				D7CE93572C5B9D9D00063DE8 /* CategoryRow.swift */,
				D7CE93112C5A49E600063DE8 /* Home.swift */,
			);
			path = Homes;
			sourceTree = "<group>";
		};
		D7CE93132C5A4AF100063DE8 /* Favorites */ = {
			isa = PBXGroup;
			children = (
				D7CE93142C5A4B0D00063DE8 /* Favorite.swift */,
			);
			path = Favorites;
			sourceTree = "<group>";
		};
		D7CE93162C5A52D500063DE8 /* Resources */ = {
			isa = PBXGroup;
			children = (
				D7CE93182C5A548E00063DE8 /* landmarkData.json */,
				D7CE931A2C5A550100063DE8 /* hikeData.json */,
			);
			path = Resources;
			sourceTree = "<group>";
		};
		D7CE93332C5B966200063DE8 /* Profiles */ = {
			isa = PBXGroup;
			children = (
				D7CE93342C5B968C00063DE8 /* ProfileEditor.swift */,
				D7CE93352C5B968C00063DE8 /* ProfileHost.swift */,
				D7CE93362C5B968C00063DE8 /* ProfileSummary.swift */,
			);
			path = Profiles;
			sourceTree = "<group>";
		};
		D7CE933A2C5B98AF00063DE8 /* Badges */ = {
			isa = PBXGroup;
			children = (
				D7CE934F2C5B99B700063DE8 /* Badge.swift */,
				D7CE934C2C5B99B700063DE8 /* BadgeBackground.swift */,
				D7CE93502C5B99B700063DE8 /* BadgeSymbol.swift */,
				D7CE934E2C5B99B700063DE8 /* HexagonParameters.swift */,
				D7CE934D2C5B99B700063DE8 /* HikeBadge.swift */,
				D7CE934B2C5B99B700063DE8 /* RotatedBadgeSymbol.swift */,
			);
			path = Badges;
			sourceTree = "<group>";
		};
		D7CE933B2C5B98BA00063DE8 /* Hikes */ = {
			isa = PBXGroup;
			children = (
				D7CE93432C5B99A800063DE8 /* GraphCapsule.swift */,
				D7CE93462C5B99A800063DE8 /* HikeDetail.swift */,
				D7CE93442C5B99A800063DE8 /* HikeGraph.swift */,
				D7CE93452C5B99A800063DE8 /* HikeView.swift */,
			);
			path = Hikes;
			sourceTree = "<group>";
		};
		D7CE933C2C5B98D400063DE8 /* Helpers */ = {
			isa = PBXGroup;
			children = (
				D7CE933E2C5B999D00063DE8 /* CircleImage.swift */,
				D7CE933F2C5B999D00063DE8 /* FavoriteButton.swift */,
				D7CE933D2C5B999D00063DE8 /* MapView.swift */,
			);
			path = Helpers;
			sourceTree = "<group>";
		};
		D7CE935B2C5B9DD500063DE8 /* Landmarks */ = {
			isa = PBXGroup;
			children = (
				D7CE935E2C5B9E1100063DE8 /* LandmarkDetail.swift */,
				D7CE935D2C5B9E1100063DE8 /* LandmarkList.swift */,
				D7CE935C2C5B9E1100063DE8 /* LandmarkRow.swift */,
			);
			path = Landmarks;
			sourceTree = "<group>";
		};
		D7CE93622C5DECE400063DE8 /* WallPapers */ = {
			isa = PBXGroup;
			children = (
				D7CE93632C5DED4F00063DE8 /* FullScreenImageView.swift */,
			);
			path = WallPapers;
			sourceTree = "<group>";
		};
/* End PBXGroup section */

/* Begin PBXNativeTarget section */
		D7747E692C54CEB600FA93D2 /* StudyWall */ = {
			isa = PBXNativeTarget;
			buildConfigurationList = D7747E782C54CEB700FA93D2 /* Build configuration list for PBXNativeTarget "StudyWall" */;
			buildPhases = (
				D7747E662C54CEB600FA93D2 /* Sources */,
				D7747E672C54CEB600FA93D2 /* Frameworks */,
				D7747E682C54CEB600FA93D2 /* Resources */,
				D7079C732C54EBA300CC3F2A /* ShellScript */,
			);
			buildRules = (
			);
			dependencies = (
			);
			name = StudyWall;
			productName = StudyWall;
			productReference = D7747E6A2C54CEB600FA93D2 /* StudyWall.app */;
			productType = "com.apple.product-type.application";
		};
/* End PBXNativeTarget section */

/* Begin PBXProject section */
		D7747E622C54CEB600FA93D2 /* Project object */ = {
			isa = PBXProject;
			attributes = {
				BuildIndependentTargetsInParallel = 1;
				LastSwiftUpdateCheck = 1510;
				LastUpgradeCheck = 1510;
				TargetAttributes = {
					D7747E692C54CEB600FA93D2 = {
						CreatedOnToolsVersion = 15.1;
					};
				};
			};
			buildConfigurationList = D7747E652C54CEB600FA93D2 /* Build configuration list for PBXProject "StudyWall" */;
			compatibilityVersion = "Xcode 14.0";
			developmentRegion = en;
			hasScannedForEncodings = 0;
			knownRegions = (
				en,
				Base,
			);
			mainGroup = D7747E612C54CEB600FA93D2;
			productRefGroup = D7747E6B2C54CEB600FA93D2 /* Products */;
			projectDirPath = "";
			projectRoot = "";
			targets = (
				D7747E692C54CEB600FA93D2 /* StudyWall */,
			);
		};
/* End PBXProject section */

/* Begin PBXResourcesBuildPhase section */
		D7747E682C54CEB600FA93D2 /* Resources */ = {
			isa = PBXResourcesBuildPhase;
			buildActionMask = 2147483647;
			files = (
				D7CE931B2C5A550100063DE8 /* hikeData.json in Resources */,
				D7747E752C54CEB700FA93D2 /* Preview Assets.xcassets in Resources */,
				D7CE93192C5A548E00063DE8 /* landmarkData.json in Resources */,
				D7747E722C54CEB700FA93D2 /* Assets.xcassets in Resources */,
			);
			runOnlyForDeploymentPostprocessing = 0;
		};
/* End PBXResourcesBuildPhase section */

/* Begin PBXShellScriptBuildPhase section */
		D7079C732C54EBA300CC3F2A /* ShellScript */ = {
			isa = PBXShellScriptBuildPhase;
			buildActionMask = 2147483647;
			files = (
			);
			inputFileListPaths = (
			);
			inputPaths = (
			);
			outputFileListPaths = (
			);
			outputPaths = (
				"${PROJECT_DIR}/swiftlint.log",
			);
			runOnlyForDeploymentPostprocessing = 0;
			shellPath = /bin/sh;
			shellScript = "export PATH=\"/opt/homebrew/bin:/usr/local/bin:$PATH\"\n\nif which swiftlint >/dev/null; then\n  swiftlint\nelse\n  echo \"warning: SwiftLint not installed, download from https://github.com/realm/SwiftLint\"\nfi\n";
		};
/* End PBXShellScriptBuildPhase section */

/* Begin PBXSourcesBuildPhase section */
		D7747E662C54CEB600FA93D2 /* Sources */ = {
			isa = PBXSourcesBuildPhase;
			buildActionMask = 2147483647;
			files = (
				D7CE93242C5A56BB00063DE8 /* Hike.swift in Sources */,
				D7CE93552C5B99B700063DE8 /* Badge.swift in Sources */,
				D7CE93382C5B968C00063DE8 /* ProfileHost.swift in Sources */,
				D7CE93642C5DED4F00063DE8 /* FullScreenImageView.swift in Sources */,
				D7CE935A2C5B9D9E00063DE8 /* CategoryItem.swift in Sources */,
				D7CE93512C5B99B700063DE8 /* RotatedBadgeSymbol.swift in Sources */,
				D7CE93422C5B999D00063DE8 /* FavoriteButton.swift in Sources */,
				D7CE93602C5B9E1100063DE8 /* LandmarkList.swift in Sources */,
				D7CE93672C5E32D400063DE8 /* Test.swift in Sources */,
				D7CE93592C5B9D9E00063DE8 /* CategoryRow.swift in Sources */,
				D7CE93412C5B999D00063DE8 /* CircleImage.swift in Sources */,
				D7CE93272C5A56BB00063DE8 /* Profile.swift in Sources */,
				D7CE93402C5B999D00063DE8 /* MapView.swift in Sources */,
				D7CE934A2C5B99A800063DE8 /* HikeDetail.swift in Sources */,
				D7CE93372C5B968C00063DE8 /* ProfileEditor.swift in Sources */,
				D7747E802C54CF6100FA93D2 /* ContentView.swift in Sources */,
				D7747E6E2C54CEB600FA93D2 /* StudyWallApp.swift in Sources */,
				D7CE93532C5B99B700063DE8 /* HikeBadge.swift in Sources */,
				D7CE93252C5A56BB00063DE8 /* ModelData.swift in Sources */,
				D7CE93152C5A4B0D00063DE8 /* Favorite.swift in Sources */,
				D7CE93472C5B99A800063DE8 /* GraphCapsule.swift in Sources */,
				D7CE93492C5B99A800063DE8 /* HikeView.swift in Sources */,
				D7CE93562C5B99B700063DE8 /* BadgeSymbol.swift in Sources */,
				D7CE93522C5B99B700063DE8 /* BadgeBackground.swift in Sources */,
				D7CE93122C5A49E600063DE8 /* Home.swift in Sources */,
				D7CE93392C5B968C00063DE8 /* ProfileSummary.swift in Sources */,
				D7CE93262C5A56BB00063DE8 /* Landmark.swift in Sources */,
				D7CE93542C5B99B700063DE8 /* HexagonParameters.swift in Sources */,
				D7CE935F2C5B9E1100063DE8 /* LandmarkRow.swift in Sources */,
				D7CE93612C5B9E1100063DE8 /* LandmarkDetail.swift in Sources */,
				D7CE93482C5B99A800063DE8 /* HikeGraph.swift in Sources */,
			);
			runOnlyForDeploymentPostprocessing = 0;
		};
/* End PBXSourcesBuildPhase section */

/* Begin XCBuildConfiguration section */
		D7747E762C54CEB700FA93D2 /* Debug */ = {
			isa = XCBuildConfiguration;
			buildSettings = {
				ALWAYS_SEARCH_USER_PATHS = NO;
				ASSETCATALOG_COMPILER_GENERATE_SWIFT_ASSET_SYMBOL_EXTENSIONS = YES;
				CLANG_ANALYZER_NONNULL = YES;
				CLANG_ANALYZER_NUMBER_OBJECT_CONVERSION = YES_AGGRESSIVE;
				CLANG_CXX_LANGUAGE_STANDARD = "gnu++20";
				CLANG_ENABLE_MODULES = YES;
				CLANG_ENABLE_OBJC_ARC = YES;
				CLANG_ENABLE_OBJC_WEAK = YES;
				CLANG_WARN_BLOCK_CAPTURE_AUTORELEASING = YES;
				CLANG_WARN_BOOL_CONVERSION = YES;
				CLANG_WARN_COMMA = YES;
				CLANG_WARN_CONSTANT_CONVERSION = YES;
				CLANG_WARN_DEPRECATED_OBJC_IMPLEMENTATIONS = YES;
				CLANG_WARN_DIRECT_OBJC_ISA_USAGE = YES_ERROR;
				CLANG_WARN_DOCUMENTATION_COMMENTS = YES;
				CLANG_WARN_EMPTY_BODY = YES;
				CLANG_WARN_ENUM_CONVERSION = YES;
				CLANG_WARN_INFINITE_RECURSION = YES;
				CLANG_WARN_INT_CONVERSION = YES;
				CLANG_WARN_NON_LITERAL_NULL_CONVERSION = YES;
				CLANG_WARN_OBJC_IMPLICIT_RETAIN_SELF = YES;
				CLANG_WARN_OBJC_LITERAL_CONVERSION = YES;
				CLANG_WARN_OBJC_ROOT_CLASS = YES_ERROR;
				CLANG_WARN_QUOTED_INCLUDE_IN_FRAMEWORK_HEADER = YES;
				CLANG_WARN_RANGE_LOOP_ANALYSIS = YES;
				CLANG_WARN_STRICT_PROTOTYPES = YES;
				CLANG_WARN_SUSPICIOUS_MOVE = YES;
				CLANG_WARN_UNGUARDED_AVAILABILITY = YES_AGGRESSIVE;
				CLANG_WARN_UNREACHABLE_CODE = YES;
				CLANG_WARN__DUPLICATE_METHOD_MATCH = YES;
				COPY_PHASE_STRIP = NO;
				DEBUG_INFORMATION_FORMAT = dwarf;
				ENABLE_STRICT_OBJC_MSGSEND = YES;
				ENABLE_TESTABILITY = YES;
				ENABLE_USER_SCRIPT_SANDBOXING = YES;
				GCC_C_LANGUAGE_STANDARD = gnu17;
				GCC_DYNAMIC_NO_PIC = NO;
				GCC_NO_COMMON_BLOCKS = YES;
				GCC_OPTIMIZATION_LEVEL = 0;
				GCC_PREPROCESSOR_DEFINITIONS = (
					"DEBUG=1",
					"$(inherited)",
				);
				GCC_WARN_64_TO_32_BIT_CONVERSION = YES;
				GCC_WARN_ABOUT_RETURN_TYPE = YES_ERROR;
				GCC_WARN_UNDECLARED_SELECTOR = YES;
				GCC_WARN_UNINITIALIZED_AUTOS = YES_AGGRESSIVE;
				GCC_WARN_UNUSED_FUNCTION = YES;
				GCC_WARN_UNUSED_VARIABLE = YES;
				IPHONEOS_DEPLOYMENT_TARGET = 17.2;
				LOCALIZATION_PREFERS_STRING_CATALOGS = YES;
				MTL_ENABLE_DEBUG_INFO = INCLUDE_SOURCE;
				MTL_FAST_MATH = YES;
				ONLY_ACTIVE_ARCH = YES;
				SDKROOT = iphoneos;
				SWIFT_ACTIVE_COMPILATION_CONDITIONS = "DEBUG $(inherited)";
				SWIFT_OPTIMIZATION_LEVEL = "-Onone";
			};
			name = Debug;
		};
		D7747E772C54CEB700FA93D2 /* Release */ = {
			isa = XCBuildConfiguration;
			buildSettings = {
				ALWAYS_SEARCH_USER_PATHS = NO;
				ASSETCATALOG_COMPILER_GENERATE_SWIFT_ASSET_SYMBOL_EXTENSIONS = YES;
				CLANG_ANALYZER_NONNULL = YES;
				CLANG_ANALYZER_NUMBER_OBJECT_CONVERSION = YES_AGGRESSIVE;
				CLANG_CXX_LANGUAGE_STANDARD = "gnu++20";
				CLANG_ENABLE_MODULES = YES;
				CLANG_ENABLE_OBJC_ARC = YES;
				CLANG_ENABLE_OBJC_WEAK = YES;
				CLANG_WARN_BLOCK_CAPTURE_AUTORELEASING = YES;
				CLANG_WARN_BOOL_CONVERSION = YES;
				CLANG_WARN_COMMA = YES;
				CLANG_WARN_CONSTANT_CONVERSION = YES;
				CLANG_WARN_DEPRECATED_OBJC_IMPLEMENTATIONS = YES;
				CLANG_WARN_DIRECT_OBJC_ISA_USAGE = YES_ERROR;
				CLANG_WARN_DOCUMENTATION_COMMENTS = YES;
				CLANG_WARN_EMPTY_BODY = YES;
				CLANG_WARN_ENUM_CONVERSION = YES;
				CLANG_WARN_INFINITE_RECURSION = YES;
				CLANG_WARN_INT_CONVERSION = YES;
				CLANG_WARN_NON_LITERAL_NULL_CONVERSION = YES;
				CLANG_WARN_OBJC_IMPLICIT_RETAIN_SELF = YES;
				CLANG_WARN_OBJC_LITERAL_CONVERSION = YES;
				CLANG_WARN_OBJC_ROOT_CLASS = YES_ERROR;
				CLANG_WARN_QUOTED_INCLUDE_IN_FRAMEWORK_HEADER = YES;
				CLANG_WARN_RANGE_LOOP_ANALYSIS = YES;
				CLANG_WARN_STRICT_PROTOTYPES = YES;
				CLANG_WARN_SUSPICIOUS_MOVE = YES;
				CLANG_WARN_UNGUARDED_AVAILABILITY = YES_AGGRESSIVE;
				CLANG_WARN_UNREACHABLE_CODE = YES;
				CLANG_WARN__DUPLICATE_METHOD_MATCH = YES;
				COPY_PHASE_STRIP = NO;
				DEBUG_INFORMATION_FORMAT = "dwarf-with-dsym";
				ENABLE_NS_ASSERTIONS = NO;
				ENABLE_STRICT_OBJC_MSGSEND = YES;
				ENABLE_USER_SCRIPT_SANDBOXING = YES;
				GCC_C_LANGUAGE_STANDARD = gnu17;
				GCC_NO_COMMON_BLOCKS = YES;
				GCC_WARN_64_TO_32_BIT_CONVERSION = YES;
				GCC_WARN_ABOUT_RETURN_TYPE = YES_ERROR;
				GCC_WARN_UNDECLARED_SELECTOR = YES;
				GCC_WARN_UNINITIALIZED_AUTOS = YES_AGGRESSIVE;
				GCC_WARN_UNUSED_FUNCTION = YES;
				GCC_WARN_UNUSED_VARIABLE = YES;
				IPHONEOS_DEPLOYMENT_TARGET = 17.2;
				LOCALIZATION_PREFERS_STRING_CATALOGS = YES;
				MTL_ENABLE_DEBUG_INFO = NO;
				MTL_FAST_MATH = YES;
				SDKROOT = iphoneos;
				SWIFT_COMPILATION_MODE = wholemodule;
				VALIDATE_PRODUCT = YES;
			};
			name = Release;
		};
		D7747E792C54CEB700FA93D2 /* Debug */ = {
			isa = XCBuildConfiguration;
			buildSettings = {
				ASSETCATALOG_COMPILER_APPICON_NAME = AppIcon;
				ASSETCATALOG_COMPILER_GLOBAL_ACCENT_COLOR_NAME = AccentColor;
				CODE_SIGN_STYLE = Automatic;
				CURRENT_PROJECT_VERSION = 1;
				DEVELOPMENT_ASSET_PATHS = "\"StudyWall/Preview Content\"";
				DEVELOPMENT_TEAM = 9NXMPTZ6P5;
				ENABLE_PREVIEWS = YES;
				ENABLE_USER_SCRIPT_SANDBOXING = NO;
				GENERATE_INFOPLIST_FILE = YES;
				INFOPLIST_FILE = StudyWall/Info.plist;
				INFOPLIST_KEY_CFBundleDisplayName = "";
				INFOPLIST_KEY_LSApplicationCategoryType = "";
				INFOPLIST_KEY_NSHumanReadableCopyright = "";
				INFOPLIST_KEY_UIApplicationSceneManifest_Generation = YES;
				INFOPLIST_KEY_UIApplicationSupportsIndirectInputEvents = YES;
				INFOPLIST_KEY_UILaunchScreen_Generation = YES;
				INFOPLIST_KEY_UISupportedInterfaceOrientations_iPad = "UIInterfaceOrientationPortrait UIInterfaceOrientationPortraitUpsideDown UIInterfaceOrientationLandscapeLeft UIInterfaceOrientationLandscapeRight";
				INFOPLIST_KEY_UISupportedInterfaceOrientations_iPhone = "UIInterfaceOrientationPortrait UIInterfaceOrientationLandscapeLeft UIInterfaceOrientationLandscapeRight";
				LD_RUNPATH_SEARCH_PATHS = (
					"$(inherited)",
					"@executable_path/Frameworks",
				);
				MARKETING_VERSION = 1.0;
				PRODUCT_BUNDLE_IDENTIFIER = test.StudyWall;
				PRODUCT_NAME = "$(TARGET_NAME)";
				SWIFT_EMIT_LOC_STRINGS = YES;
				SWIFT_VERSION = 5.0;
				TARGETED_DEVICE_FAMILY = "1,2";
			};
			name = Debug;
		};
		D7747E7A2C54CEB700FA93D2 /* Release */ = {
			isa = XCBuildConfiguration;
			buildSettings = {
				ASSETCATALOG_COMPILER_APPICON_NAME = AppIcon;
				ASSETCATALOG_COMPILER_GLOBAL_ACCENT_COLOR_NAME = AccentColor;
				CODE_SIGN_STYLE = Automatic;
				CURRENT_PROJECT_VERSION = 1;
				DEVELOPMENT_ASSET_PATHS = "\"StudyWall/Preview Content\"";
				DEVELOPMENT_TEAM = 9NXMPTZ6P5;
				ENABLE_PREVIEWS = YES;
				ENABLE_USER_SCRIPT_SANDBOXING = NO;
				GENERATE_INFOPLIST_FILE = YES;
				INFOPLIST_FILE = StudyWall/Info.plist;
				INFOPLIST_KEY_CFBundleDisplayName = "";
				INFOPLIST_KEY_LSApplicationCategoryType = "";
				INFOPLIST_KEY_NSHumanReadableCopyright = "";
				INFOPLIST_KEY_UIApplicationSceneManifest_Generation = YES;
				INFOPLIST_KEY_UIApplicationSupportsIndirectInputEvents = YES;
				INFOPLIST_KEY_UILaunchScreen_Generation = YES;
				INFOPLIST_KEY_UISupportedInterfaceOrientations_iPad = "UIInterfaceOrientationPortrait UIInterfaceOrientationPortraitUpsideDown UIInterfaceOrientationLandscapeLeft UIInterfaceOrientationLandscapeRight";
				INFOPLIST_KEY_UISupportedInterfaceOrientations_iPhone = "UIInterfaceOrientationPortrait UIInterfaceOrientationLandscapeLeft UIInterfaceOrientationLandscapeRight";
				LD_RUNPATH_SEARCH_PATHS = (
					"$(inherited)",
					"@executable_path/Frameworks",
				);
				MARKETING_VERSION = 1.0;
				PRODUCT_BUNDLE_IDENTIFIER = test.StudyWall;
				PRODUCT_NAME = "$(TARGET_NAME)";
				SWIFT_EMIT_LOC_STRINGS = YES;
				SWIFT_VERSION = 5.0;
				TARGETED_DEVICE_FAMILY = "1,2";
			};
			name = Release;
		};
/* End XCBuildConfiguration section */

/* Begin XCConfigurationList section */
		D7747E652C54CEB600FA93D2 /* Build configuration list for PBXProject "StudyWall" */ = {
			isa = XCConfigurationList;
			buildConfigurations = (
				D7747E762C54CEB700FA93D2 /* Debug */,
				D7747E772C54CEB700FA93D2 /* Release */,
			);
			defaultConfigurationIsVisible = 0;
			defaultConfigurationName = Release;
		};
		D7747E782C54CEB700FA93D2 /* Build configuration list for PBXNativeTarget "StudyWall" */ = {
			isa = XCConfigurationList;
			buildConfigurations = (
				D7747E792C54CEB700FA93D2 /* Debug */,
				D7747E7A2C54CEB700FA93D2 /* Release */,
			);
			defaultConfigurationIsVisible = 0;
			defaultConfigurationName = Release;
		};
/* End XCConfigurationList section */
	};
	rootObject = D7747E622C54CEB600FA93D2 /* Project object */;
}
